
Microsoft Visual Studio Solution File, Format Version 12.00
# Visual Studio Version 16
VisualStudioVersion = 16.0.29911.84
MinimumVisualStudioVersion = 10.0.40219.1
Project("{9A19103F-16F7-4668-BE54-9A1E7A4F7556}") = "FileArchiver", "FileArchiver\FileArchiver.csproj", "{884CFE90-2C58-4180-9DF0-1EEA6B01CCFC}"
EndProject
Project("{FAE04EC0-301F-11D3-BF4B-00C04F79EFBC}") = "FileArchiverTest", "FileArchiverTest\FileArchiverTest.csproj", "{431EAE00-202D-4FD1-8542-8623E21BE7B9}"
EndProject
Global
	GlobalSection(SolutionConfigurationPlatforms) = preSolution
		Debug|Any CPU = Debug|Any CPU
		Release|Any CPU = Release|Any CPU
	EndGlobalSection
	GlobalSection(ProjectConfigurationPlatforms) = postSolution
		{884CFE90-2C58-4180-9DF0-1EEA6B01CCFC}.Debug|Any CPU.ActiveCfg = Debug|Any CPU
		{884CFE90-2C58-4180-9DF0-1EEA6B01CCFC}.Debug|Any CPU.Build.0 = Debug|Any CPU
		{884CFE90-2C58-4180-9DF0-1EEA6B01CCFC}.Release|Any CPU.ActiveCfg = Release|Any CPU
		{884CFE90-2C58-4180-9DF0-1EEA6B01CCFC}.Release|Any CPU.Build.0 = Release|Any CPU
		{431EAE00-202D-4FD1-8542-8623E21BE7B9}.Debug|Any CPU.ActiveCfg = Debug|Any CPU
		{431EAE00-202D-4FD1-8542-8623E21BE7B9}.Debug|Any CPU.Build.0 = Debug|Any CPU
		{431EAE00-202D-4FD1-8542-8623E21BE7B9}.Release|Any CPU.ActiveCfg = Release|Any CPU
		{431EAE00-202D-4FD1-8542-8623E21BE7B9}.Release|Any CPU.Build.0 = Release|Any CPU
	EndGlobalSection
	GlobalSection(SolutionProperties) = preSolution
		HideSolutionNode = FALSE
	EndGlobalSection
	GlobalSection(ExtensibilityGlobals) = postSolution
		SolutionGuid = {7691F3C7-CAAF-48FB-9C38-34A086371161}
	EndGlobalSection
EndGlobal
